
Microsoft Visual Studio Solution File, Format Version 12.00
# Visual Studio Version 17
VisualStudioVersion = 17.13.35931.197 d17.13
MinimumVisualStudioVersion = 10.0.40219.1
Project("{FAE04EC0-301F-11D3-BF4B-00C04F79EFBC}") = "Pokedex", "Pokedex\Pokedex.csproj", "{EFA5B891-2025-4312-9AB6-CEE4BE61489C}"
EndProject
Global
	GlobalSection(SolutionConfigurationPlatforms) = preSolution
		Debug|Any CPU = Debug|Any CPU
		Release|Any CPU = Release|Any CPU
	EndGlobalSection
	GlobalSection(ProjectConfigurationPlatforms) = postSolution
		{EFA5B891-2025-4312-9AB6-CEE4BE61489C}.Debug|Any CPU.ActiveCfg = Debug|Any CPU
		{EFA5B891-2025-4312-9AB6-CEE4BE61489C}.Debug|Any CPU.Build.0 = Debug|Any CPU
		{EFA5B891-2025-4312-9AB6-CEE4BE61489C}.Release|Any CPU.ActiveCfg = Release|Any CPU
		{EFA5B891-2025-4312-9AB6-CEE4BE61489C}.Release|Any CPU.Build.0 = Release|Any CPU
	EndGlobalSection
	GlobalSection(SolutionProperties) = preSolution
		HideSolutionNode = FALSE
	EndGlobalSection
	GlobalSection(ExtensibilityGlobals) = postSolution
		SolutionGuid = {ED3B7B21-41E1-4275-A36B-BAA5A7D09178}
	EndGlobalSection
EndGlobal
